
Microsoft Visual Studio Solution File, Format Version 12.00
# Visual Studio 2013
VisualStudioVersion = 12.0.40629.0
MinimumVisualStudioVersion = 10.0.40219.1
Project("{8BC9CEB8-8B4A-11D0-8D11-00A0C91BC942}") = "CH2", "CH2.vcxproj", "{45A41F0A-8964-45D9-AAA4-125D0D752846}"
EndProject
Global
	GlobalSection(SolutionConfigurationPlatforms) = preSolution
		Debug|Win32 = Debug|Win32
		Release|Win32 = Release|Win32
	EndGlobalSection
	GlobalSection(ProjectConfigurationPlatforms) = postSolution
		{45A41F0A-8964-45D9-AAA4-125D0D752846}.Debug|Win32.ActiveCfg = Debug|Win32
		{45A41F0A-8964-45D9-AAA4-125D0D752846}.Debug|Win32.Build.0 = Debug|Win32
		{45A41F0A-8964-45D9-AAA4-125D0D752846}.Release|Win32.ActiveCfg = Release|Win32
		{45A41F0A-8964-45D9-AAA4-125D0D752846}.Release|Win32.Build.0 = Release|Win32
	EndGlobalSection
	GlobalSection(SolutionProperties) = preSolution
		HideSolutionNode = FALSE
	EndGlobalSection
EndGlobal
